
Microsoft Visual Studio Solution File, Format Version 12.00
# Visual Studio Version 17
VisualStudioVersion = 17.5.33516.290
MinimumVisualStudioVersion = 10.0.40219.1
Project("{FAE04EC0-301F-11D3-BF4B-00C04F79EFBC}") = "Lab04.Android", "Lab04\Lab04.Android\Lab04.Android.csproj", "{9C9897AC-4029-4D81-93C4-A8A2A2912307}"
EndProject
Project("{FAE04EC0-301F-11D3-BF4B-00C04F79EFBC}") = "Lab04.iOS", "Lab04\Lab04.iOS\Lab04.iOS.csproj", "{2936ED7E-B6AF-4746-BFCA-E0A498EDF31B}"
EndProject
Project("{FAE04EC0-301F-11D3-BF4B-00C04F79EFBC}") = "Lab04", "Lab04\Lab04\Lab04.csproj", "{8EA010EE-9E96-4E92-97B3-6B7353DCC4D2}"
EndProject
Global
	GlobalSection(SolutionConfigurationPlatforms) = preSolution
		Debug|Any CPU = Debug|Any CPU
		Debug|iPhone = Debug|iPhone
		Debug|iPhoneSimulator = Debug|iPhoneSimulator
		Release|Any CPU = Release|Any CPU
		Release|iPhone = Release|iPhone
		Release|iPhoneSimulator = Release|iPhoneSimulator
	EndGlobalSection
	GlobalSection(ProjectConfigurationPlatforms) = postSolution
		{9C9897AC-4029-4D81-93C4-A8A2A2912307}.Debug|Any CPU.ActiveCfg = Debug|Any CPU
		{9C9897AC-4029-4D81-93C4-A8A2A2912307}.Debug|Any CPU.Build.0 = Debug|Any CPU
		{9C9897AC-4029-4D81-93C4-A8A2A2912307}.Debug|Any CPU.Deploy.0 = Debug|Any CPU
		{9C9897AC-4029-4D81-93C4-A8A2A2912307}.Debug|iPhone.ActiveCfg = Debug|Any CPU
		{9C9897AC-4029-4D81-93C4-A8A2A2912307}.Debug|iPhone.Build.0 = Debug|Any CPU
		{9C9897AC-4029-4D81-93C4-A8A2A2912307}.Debug|iPhone.Deploy.0 = Debug|Any CPU
		{9C9897AC-4029-4D81-93C4-A8A2A2912307}.Debug|iPhoneSimulator.ActiveCfg = Debug|Any CPU
		{9C9897AC-4029-4D81-93C4-A8A2A2912307}.Debug|iPhoneSimulator.Build.0 = Debug|Any CPU
		{9C9897AC-4029-4D81-93C4-A8A2A2912307}.Debug|iPhoneSimulator.Deploy.0 = Debug|Any CPU
		{9C9897AC-4029-4D81-93C4-A8A2A2912307}.Release|Any CPU.ActiveCfg = Release|Any CPU
		{9C9897AC-4029-4D81-93C4-A8A2A2912307}.Release|Any CPU.Build.0 = Release|Any CPU
		{9C9897AC-4029-4D81-93C4-A8A2A2912307}.Release|Any CPU.Deploy.0 = Release|Any CPU
		{9C9897AC-4029-4D81-93C4-A8A2A2912307}.Release|iPhone.ActiveCfg = Release|Any CPU
		{9C9897AC-4029-4D81-93C4-A8A2A2912307}.Release|iPhone.Build.0 = Release|Any CPU
		{9C9897AC-4029-4D81-93C4-A8A2A2912307}.Release|iPhone.Deploy.0 = Release|Any CPU
		{9C9897AC-4029-4D81-93C4-A8A2A2912307}.Release|iPhoneSimulator.ActiveCfg = Release|Any CPU
		{9C9897AC-4029-4D81-93C4-A8A2A2912307}.Release|iPhoneSimulator.Build.0 = Release|Any CPU
		{9C9897AC-4029-4D81-93C4-A8A2A2912307}.Release|iPhoneSimulator.Deploy.0 = Release|Any CPU
		{2936ED7E-B6AF-4746-BFCA-E0A498EDF31B}.Debug|Any CPU.ActiveCfg = Debug|iPhone
		{2936ED7E-B6AF-4746-BFCA-E0A498EDF31B}.Debug|Any CPU.Build.0 = Debug|iPhone
		{2936ED7E-B6AF-4746-BFCA-E0A498EDF31B}.Debug|Any CPU.Deploy.0 = Debug|iPhone
		{2936ED7E-B6AF-4746-BFCA-E0A498EDF31B}.Debug|iPhone.ActiveCfg = Debug|iPhone
		{2936ED7E-B6AF-4746-BFCA-E0A498EDF31B}.Debug|iPhone.Build.0 = Debug|iPhone
		{2936ED7E-B6AF-4746-BFCA-E0A498EDF31B}.Debug|iPhone.Deploy.0 = Debug|iPhone
		{2936ED7E-B6AF-4746-BFCA-E0A498EDF31B}.Debug|iPhoneSimulator.ActiveCfg = Debug|iPhoneSimulator
		{2936ED7E-B6AF-4746-BFCA-E0A498EDF31B}.Debug|iPhoneSimulator.Build.0 = Debug|iPhoneSimulator
		{2936ED7E-B6AF-4746-BFCA-E0A498EDF31B}.Debug|iPhoneSimulator.Deploy.0 = Debug|iPhoneSimulator
		{2936ED7E-B6AF-4746-BFCA-E0A498EDF31B}.Release|Any CPU.ActiveCfg = Release|iPhoneSimulator
		{2936ED7E-B6AF-4746-BFCA-E0A498EDF31B}.Release|Any CPU.Build.0 = Release|iPhoneSimulator
		{2936ED7E-B6AF-4746-BFCA-E0A498EDF31B}.Release|Any CPU.Deploy.0 = Release|iPhoneSimulator
		{2936ED7E-B6AF-4746-BFCA-E0A498EDF31B}.Release|iPhone.ActiveCfg = Release|iPhone
		{2936ED7E-B6AF-4746-BFCA-E0A498EDF31B}.Release|iPhone.Build.0 = Release|iPhone
		{2936ED7E-B6AF-4746-BFCA-E0A498EDF31B}.Release|iPhone.Deploy.0 = Release|iPhone
		{2936ED7E-B6AF-4746-BFCA-E0A498EDF31B}.Release|iPhoneSimulator.ActiveCfg = Release|iPhoneSimulator
		{2936ED7E-B6AF-4746-BFCA-E0A498EDF31B}.Release|iPhoneSimulator.Build.0 = Release|iPhoneSimulator
		{2936ED7E-B6AF-4746-BFCA-E0A498EDF31B}.Release|iPhoneSimulator.Deploy.0 = Release|iPhoneSimulator
		{8EA010EE-9E96-4E92-97B3-6B7353DCC4D2}.Debug|Any CPU.ActiveCfg = Debug|Any CPU
		{8EA010EE-9E96-4E92-97B3-6B7353DCC4D2}.Debug|Any CPU.Build.0 = Debug|Any CPU
		{8EA010EE-9E96-4E92-97B3-6B7353DCC4D2}.Debug|Any CPU.Deploy.0 = Debug|Any CPU
		{8EA010EE-9E96-4E92-97B3-6B7353DCC4D2}.Debug|iPhone.ActiveCfg = Debug|Any CPU
		{8EA010EE-9E96-4E92-97B3-6B7353DCC4D2}.Debug|iPhone.Build.0 = Debug|Any CPU
		{8EA010EE-9E96-4E92-97B3-6B7353DCC4D2}.Debug|iPhone.Deploy.0 = Debug|Any CPU
		{8EA010EE-9E96-4E92-97B3-6B7353DCC4D2}.Debug|iPhoneSimulator.ActiveCfg = Debug|Any CPU
		{8EA010EE-9E96-4E92-97B3-6B7353DCC4D2}.Debug|iPhoneSimulator.Build.0 = Debug|Any CPU
		{8EA010EE-9E96-4E92-97B3-6B7353DCC4D2}.Debug|iPhoneSimulator.Deploy.0 = Debug|Any CPU
		{8EA010EE-9E96-4E92-97B3-6B7353DCC4D2}.Release|Any CPU.ActiveCfg = Release|Any CPU
		{8EA010EE-9E96-4E92-97B3-6B7353DCC4D2}.Release|Any CPU.Build.0 = Release|Any CPU
		{8EA010EE-9E96-4E92-97B3-6B7353DCC4D2}.Release|Any CPU.Deploy.0 = Release|Any CPU
		{8EA010EE-9E96-4E92-97B3-6B7353DCC4D2}.Release|iPhone.ActiveCfg = Release|Any CPU
		{8EA010EE-9E96-4E92-97B3-6B7353DCC4D2}.Release|iPhone.Build.0 = Release|Any CPU
		{8EA010EE-9E96-4E92-97B3-6B7353DCC4D2}.Release|iPhone.Deploy.0 = Release|Any CPU
		{8EA010EE-9E96-4E92-97B3-6B7353DCC4D2}.Release|iPhoneSimulator.ActiveCfg = Release|Any CPU
		{8EA010EE-9E96-4E92-97B3-6B7353DCC4D2}.Release|iPhoneSimulator.Build.0 = Release|Any CPU
		{8EA010EE-9E96-4E92-97B3-6B7353DCC4D2}.Release|iPhoneSimulator.Deploy.0 = Release|Any CPU
	EndGlobalSection
	GlobalSection(SolutionProperties) = preSolution
		HideSolutionNode = FALSE
	EndGlobalSection
	GlobalSection(ExtensibilityGlobals) = postSolution
		SolutionGuid = {FADA38CC-F3E8-45FD-91C0-5E7F5E121D3D}
	EndGlobalSection
EndGlobal
